
Microsoft Visual Studio Solution File, Format Version 12.00
# Visual Studio Version 16
VisualStudioVersion = 16.0.30204.135
MinimumVisualStudioVersion = 10.0.40219.1
Project("{FAE04EC0-301F-11D3-BF4B-00C04F79EFBC}") = "PhotoStorageS3", "PhotoStorageS3\PhotoStorageS3.csproj", "{C3465D07-7295-4789-8BD6-0DE7941E77A4}"
EndProject
Global
	GlobalSection(SolutionConfigurationPlatforms) = preSolution
		Debug|Any CPU = Debug|Any CPU
		Release|Any CPU = Release|Any CPU
	EndGlobalSection
	GlobalSection(ProjectConfigurationPlatforms) = postSolution
		{C3465D07-7295-4789-8BD6-0DE7941E77A4}.Debug|Any CPU.ActiveCfg = Debug|Any CPU
		{C3465D07-7295-4789-8BD6-0DE7941E77A4}.Debug|Any CPU.Build.0 = Debug|Any CPU
		{C3465D07-7295-4789-8BD6-0DE7941E77A4}.Release|Any CPU.ActiveCfg = Release|Any CPU
		{C3465D07-7295-4789-8BD6-0DE7941E77A4}.Release|Any CPU.Build.0 = Release|Any CPU
	EndGlobalSection
	GlobalSection(SolutionProperties) = preSolution
		HideSolutionNode = FALSE
	EndGlobalSection
	GlobalSection(ExtensibilityGlobals) = postSolution
		SolutionGuid = {574F47B1-8D43-457C-9545-248E190BFB0D}
	EndGlobalSection
EndGlobal
